<?xml version="1.0" encoding="utf-8"?>
<Project ToolsVersion="4.0" xmlns="http://schemas.microsoft.com/developer/msbuild/2003">
  <ItemGroup>
    <Filter Include="Source Files">
      <UniqueIdentifier>{4FC737F1-C7A5-4376-A066-2A32D752A2FF}</UniqueIdentifier>
      <Extensions>cpp;c;cc;cxx;def;odl;idl;hpj;bat;asm;asmx</Extensions>
    </Filter>
    <Filter Include="Header Files">
      <UniqueIdentifier>{93995380-89BD-4b04-88EB-625FBE52EBFB}</UniqueIdentifier>
      <Extensions>h;hpp;hxx;hm;inl;inc;xsd</Extensions>
    </Filter>
    <Filter Include="Resource Files">
      <UniqueIdentifier>{67DA6AB6-F800-4c08-8B7A-83BB121AAD01}</UniqueIdentifier>
      <Extensions>rc;ico;cur;bmp;dlg;rc2;rct;bin;rgs;gif;jpg;jpeg;jpe;resx;tiff;tif;png;wav;mfcribbon-ms</Extensions>
    </Filter>
    <Filter Include="Header Files\Core">
      <UniqueIdentifier>{3b00db62-2f4f-47e4-9a05-8996539d4f0c}</UniqueIdentifier>
    </Filter>
    <Filter Include="Header Files\IO">
      <UniqueIdentifier>{506b1c24-158c-46b7-99d6-8ae505f0b9b9}</UniqueIdentifier>
    </Filter>
    <Filter Include="Header Files\Simulation">
      <UniqueIdentifier>{9c4a152f-b536-4fa7-899e-b945c788bf96}</UniqueIdentifier>
    </Filter>
    <Filter Include="Header Files\Rendering">
      <UniqueIdentifier>{2a6e6156-bd75-47cb-aae1-218211418f4d}</UniqueIdentifier>
    </Filter>
    <Filter Include="Header Files\Rendering\Shaders">
      <UniqueIdentifier>{1fd15e26-761f-4f2f-9e80-9d1198a3b786}</UniqueIdentifier>
    </Filter>
    <Filter Include="Source Files\Core">
      <UniqueIdentifier>{c5d9b1b4-fce0-44a0-946a-df2e83b5ed69}</UniqueIdentifier>
    </Filter>
    <Filter Include="Source Files\IO">
      <UniqueIdentifier>{dadb3b72-1277-495c-9dde-6b6223f693de}</UniqueIdentifier>
    </Filter>
    <Filter Include="Source Files\Simulation">
      <UniqueIdentifier>{1995a72c-3d0b-4cce-94a1-57546983115e}</UniqueIdentifier>
    </Filter>
    <Filter Include="Source Files\Rendering">
      <UniqueIdentifier>{cd1bc5f7-9bbe-4ec5-b72c-814a597a8fa7}</UniqueIdentifier>
    </Filter>
    <Filter Include="Source Files\Rendering\Shaders">
      <UniqueIdentifier>{1e2b296c-0ef7-4d05-8ba0-98b132c3ed72}</UniqueIdentifier>
    </Filter>
    <Filter Include="Source Files\Rendering\Passes">
      <UniqueIdentifier>{5ea6d4b0-a3e4-4a7a-b794-2a4473d66bfb}</UniqueIdentifier>
    </Filter>
    <Filter Include="Header Files\Rendering\Passes">
      <UniqueIdentifier>{4ac1915f-0216-4e26-ae3f-96d62b5f045d}</UniqueIdentifier>
    </Filter>
    <Filter Include="Header Files\Core\Commands">
      <UniqueIdentifier>{fff17878-9327-4a37-ac9f-4fde6f59e5fe}</UniqueIdentifier>
    </Filter>
  </ItemGroup>
  <ItemGroup>
    <ClInclude Include="include\kriengraphix\Core\KGXCore.h">
      <Filter>Header Files\Core</Filter>
    </ClInclude>
    <ClInclude Include="include\kriengraphix\Core\PhysXManager.h">
      <Filter>Header Files\Core</Filter>
    </ClInclude>
    <ClInclude Include="include\kriengraphix\Core\RenderWindow.h">
      <Filter>Header Files\Core</Filter>
    </ClInclude>
    <ClInclude Include="include\kriengraphix\IO\Filesystem.h">
      <Filter>Header Files\IO</Filter>
    </ClInclude>
    <ClInclude Include="include\kriengraphix\IO\KGMaterialLibraryGenerator.h">
      <Filter>Header Files\IO</Filter>
    </ClInclude>
    <ClInclude Include="include\kriengraphix\IO\KGMaterialLibraryParser.h">
      <Filter>Header Files\IO</Filter>
    </ClInclude>
    <ClInclude Include="include\kriengraphix\IO\KGObjectGenerator.h">
      <Filter>Header Files\IO</Filter>
    </ClInclude>
    <ClInclude Include="include\kriengraphix\IO\KGObjectParser.h">
      <Filter>Header Files\IO</Filter>
    </ClInclude>
    <ClInclude Include="include\kriengraphix\IO\KGParserDefines.h">
      <Filter>Header Files\IO</Filter>
    </ClInclude>
    <ClInclude Include="include\kriengraphix\IO\KGSceneParser.h">
      <Filter>Header Files\IO</Filter>
    </ClInclude>
    <ClInclude Include="include\kriengraphix\IO\KGShaderProgramsParser.h">
      <Filter>Header Files\IO</Filter>
    </ClInclude>
    <ClInclude Include="include\kriengraphix\Rendering\Shaders\PixelShader.h">
      <Filter>Header Files\Rendering\Shaders</Filter>
    </ClInclude>
    <ClInclude Include="include\kriengraphix\Rendering\Shaders\ShaderBase.h">
      <Filter>Header Files\Rendering\Shaders</Filter>
    </ClInclude>
    <ClInclude Include="include\kriengraphix\Rendering\Shaders\VertexShader.h">
      <Filter>Header Files\Rendering\Shaders</Filter>
    </ClInclude>
    <ClInclude Include="include\kriengraphix\Rendering\Passes\CompositionPass.h">
      <Filter>Header Files\Rendering\Passes</Filter>
    </ClInclude>
    <ClInclude Include="include\kriengraphix\Rendering\Passes\GBufferPass.h">
      <Filter>Header Files\Rendering\Passes</Filter>
    </ClInclude>
    <ClInclude Include="include\kriengraphix\Rendering\Passes\RenderPass.h">
      <Filter>Header Files\Rendering\Passes</Filter>
    </ClInclude>
    <ClInclude Include="include\kriengraphix\Rendering\ConstantBuffer.h">
      <Filter>Header Files\Rendering</Filter>
    </ClInclude>
    <ClInclude Include="include\kriengraphix\Rendering\MaterialLibrary.h">
      <Filter>Header Files\Rendering</Filter>
    </ClInclude>
    <ClInclude Include="include\kriengraphix\Rendering\MeshBuffer.h">
      <Filter>Header Files\Rendering</Filter>
    </ClInclude>
    <ClInclude Include="include\kriengraphix\Rendering\RenderTexture.h">
      <Filter>Header Files\Rendering</Filter>
    </ClInclude>
    <ClInclude Include="include\kriengraphix\Rendering\ShaderProgram.h">
      <Filter>Header Files\Rendering</Filter>
    </ClInclude>
    <ClInclude Include="include\kriengraphix\Rendering\ShaderProgramLibrary.h">
      <Filter>Header Files\Rendering</Filter>
    </ClInclude>
    <ClInclude Include="include\kriengraphix\Rendering\Texture.h">
      <Filter>Header Files\Rendering</Filter>
    </ClInclude>
    <ClInclude Include="include\kriengraphix\Rendering\TextureLibrary.h">
      <Filter>Header Files\Rendering</Filter>
    </ClInclude>
    <ClInclude Include="include\kriengraphix\Rendering\TextureLoader.h">
      <Filter>Header Files\Rendering</Filter>
    </ClInclude>
    <ClInclude Include="include\kriengraphix\Rendering\VertexInputLayout.h">
      <Filter>Header Files\Rendering</Filter>
    </ClInclude>
    <ClInclude Include="include\kriengraphix\Simulation\Defines.h">
      <Filter>Header Files\Simulation</Filter>
    </ClInclude>
    <ClInclude Include="include\kriengraphix\Simulation\RenderableObject.h">
      <Filter>Header Files\Simulation</Filter>
    </ClInclude>
    <ClInclude Include="include\kriengraphix\Simulation\Scene.h">
      <Filter>Header Files\Simulation</Filter>
    </ClInclude>
    <ClInclude Include="include\kriengraphix\Core\PersistentThread.h">
      <Filter>Header Files\Core</Filter>
    </ClInclude>
    <ClInclude Include="include\kriengraphix\Core\SceneThread.h">
      <Filter>Header Files\Core</Filter>
    </ClInclude>
    <ClInclude Include="include\kriengraphix\Core\RenderThread.h">
      <Filter>Header Files\Core</Filter>
    </ClInclude>
    <ClInclude Include="include\kriengraphix\Core\ConfigManager.h">
      <Filter>Header Files\Core</Filter>
    </ClInclude>
    <ClInclude Include="include\kriengraphix\Core\CommandList.h">
      <Filter>Header Files\Core</Filter>
    </ClInclude>
    <ClInclude Include="include\kriengraphix\Core\LinearAllocator.h">
      <Filter>Header Files\Core</Filter>
    </ClInclude>
    <ClInclude Include="include\kriengraphix\Core\MemoryManager.h">
      <Filter>Header Files\Core</Filter>
    </ClInclude>
    <ClInclude Include="include\kriengraphix\Simulation\SceneObject.h">
      <Filter>Header Files\Simulation</Filter>
    </ClInclude>
    <ClInclude Include="include\kriengraphix\Simulation\SceneObjectComponent.h">
      <Filter>Header Files\Simulation</Filter>
    </ClInclude>
    <ClInclude Include="include\kriengraphix\Core\Commands\CommandBase.h">
      <Filter>Header Files\Core\Commands</Filter>
    </ClInclude>
    <ClInclude Include="include\kriengraphix\Simulation\MeshComponent.h">
      <Filter>Header Files\Simulation</Filter>
    </ClInclude>
    <ClInclude Include="include\kriengraphix\Rendering\Renderer.h">
      <Filter>Header Files\Rendering</Filter>
    </ClInclude>
    <ClInclude Include="include\kriengraphix\Simulation\CameraComponent.h">
      <Filter>Header Files\Simulation</Filter>
    </ClInclude>
    <ClInclude Include="include\kriengraphix\Core\SceneView.h">
      <Filter>Header Files\Core</Filter>
    </ClInclude>
    <ClInclude Include="include\kriengraphix\Core\RenderCollection.h">
      <Filter>Header Files\Core</Filter>
    </ClInclude>
    <ClInclude Include="include\kriengraphix\Core\Commands\RenderCommand.h">
      <Filter>Header Files\Core\Commands</Filter>
    </ClInclude>
    <ClInclude Include="include\kriengraphix\Core\Commands\SceneCommand.h">
      <Filter>Header Files\Core\Commands</Filter>
    </ClInclude>
    <ClInclude Include="include\kriengraphix\Core\RenderThreadFence.h">
      <Filter>Header Files\Core</Filter>
    </ClInclude>
    <ClInclude Include="include\kriengraphix\Core\SceneThreadFence.h">
      <Filter>Header Files\Core</Filter>
    </ClInclude>
  </ItemGroup>
  <ItemGroup>
    <ClCompile Include="src\kriengraphix\Core\ConfigManager.cpp">
      <Filter>Source Files\Core</Filter>
    </ClCompile>
    <ClCompile Include="src\kriengraphix\Core\KGXCore.cpp">
      <Filter>Source Files\Core</Filter>
    </ClCompile>
    <ClCompile Include="src\kriengraphix\Core\PhysXManager.cpp">
      <Filter>Source Files\Core</Filter>
    </ClCompile>
    <ClCompile Include="src\kriengraphix\Core\RenderWindow.cpp">
      <Filter>Source Files\Core</Filter>
    </ClCompile>
    <ClCompile Include="src\kriengraphix\IO\Filesystem.cpp">
      <Filter>Source Files\IO</Filter>
    </ClCompile>
    <ClCompile Include="src\kriengraphix\IO\KGMaterialLibraryGenerator.cpp">
      <Filter>Source Files\IO</Filter>
    </ClCompile>
    <ClCompile Include="src\kriengraphix\IO\KGMaterialLibraryParser.cpp">
      <Filter>Source Files\IO</Filter>
    </ClCompile>
    <ClCompile Include="src\kriengraphix\IO\KGObjectGenerator.cpp">
      <Filter>Source Files\IO</Filter>
    </ClCompile>
    <ClCompile Include="src\kriengraphix\IO\KGObjectParser.cpp">
      <Filter>Source Files\IO</Filter>
    </ClCompile>
    <ClCompile Include="src\kriengraphix\IO\KGSceneParser.cpp">
      <Filter>Source Files\IO</Filter>
    </ClCompile>
    <ClCompile Include="src\kriengraphix\IO\KGShaderProgramsParser.cpp">
      <Filter>Source Files\IO</Filter>
    </ClCompile>
    <ClCompile Include="src\kriengraphix\Rendering\Passes\CompositionPass.cpp">
      <Filter>Source Files\Rendering\Passes</Filter>
    </ClCompile>
    <ClCompile Include="src\kriengraphix\Rendering\Passes\GBufferPass.cpp">
      <Filter>Source Files\Rendering\Passes</Filter>
    </ClCompile>
    <ClCompile Include="src\kriengraphix\Rendering\Passes\RenderPass.cpp">
      <Filter>Source Files\Rendering\Passes</Filter>
    </ClCompile>
    <ClCompile Include="src\kriengraphix\Rendering\Shaders\PixelShader.cpp">
      <Filter>Source Files\Rendering\Shaders</Filter>
    </ClCompile>
    <ClCompile Include="src\kriengraphix\Rendering\Shaders\ShaderBase.cpp">
      <Filter>Source Files\Rendering\Shaders</Filter>
    </ClCompile>
    <ClCompile Include="src\kriengraphix\Rendering\Shaders\VertexShader.cpp">
      <Filter>Source Files\Rendering\Shaders</Filter>
    </ClCompile>
    <ClCompile Include="src\kriengraphix\Rendering\ConstantBuffer.cpp">
      <Filter>Source Files\Rendering</Filter>
    </ClCompile>
    <ClCompile Include="src\kriengraphix\Rendering\MaterialLibrary.cpp">
      <Filter>Source Files\Rendering</Filter>
    </ClCompile>
    <ClCompile Include="src\kriengraphix\Rendering\MeshBuffer.cpp">
      <Filter>Source Files\Rendering</Filter>
    </ClCompile>
    <ClCompile Include="src\kriengraphix\Rendering\RenderTexture.cpp">
      <Filter>Source Files\Rendering</Filter>
    </ClCompile>
    <ClCompile Include="src\kriengraphix\Rendering\ShaderProgram.cpp">
      <Filter>Source Files\Rendering</Filter>
    </ClCompile>
    <ClCompile Include="src\kriengraphix\Rendering\ShaderProgramLibrary.cpp">
      <Filter>Source Files\Rendering</Filter>
    </ClCompile>
    <ClCompile Include="src\kriengraphix\Rendering\Texture.cpp">
      <Filter>Source Files\Rendering</Filter>
    </ClCompile>
    <ClCompile Include="src\kriengraphix\Rendering\TextureLibrary.cpp">
      <Filter>Source Files\Rendering</Filter>
    </ClCompile>
    <ClCompile Include="src\kriengraphix\Rendering\TextureLoader.cpp">
      <Filter>Source Files\Rendering</Filter>
    </ClCompile>
    <ClCompile Include="src\kriengraphix\Rendering\VertexInputLayout.cpp">
      <Filter>Source Files\Rendering</Filter>
    </ClCompile>
    <ClCompile Include="src\kriengraphix\Simulation\RenderableObject.cpp">
      <Filter>Source Files\Simulation</Filter>
    </ClCompile>
    <ClCompile Include="src\kriengraphix\Simulation\Scene.cpp">
      <Filter>Source Files\Simulation</Filter>
    </ClCompile>
    <ClCompile Include="src\kriengraphix\Core\PersistentThread.cpp">
      <Filter>Source Files\Core</Filter>
    </ClCompile>
    <ClCompile Include="src\kriengraphix\Core\SceneThread.cpp">
      <Filter>Source Files\Core</Filter>
    </ClCompile>
    <ClCompile Include="src\kriengraphix\Core\CommandList.cpp">
      <Filter>Source Files\Core</Filter>
    </ClCompile>
    <ClCompile Include="src\kriengraphix\Core\LinearAllocator.cpp">
      <Filter>Source Files\Core</Filter>
    </ClCompile>
    <ClCompile Include="src\kriengraphix\Core\MemoryManager.cpp">
      <Filter>Source Files\Core</Filter>
    </ClCompile>
    <ClCompile Include="src\kriengraphix\Simulation\SceneObject.cpp">
      <Filter>Source Files\Simulation</Filter>
    </ClCompile>
    <ClCompile Include="src\kriengraphix\Simulation\SceneObjectComponent.cpp">
      <Filter>Source Files\Simulation</Filter>
    </ClCompile>
    <ClCompile Include="src\kriengraphix\Simulation\MeshComponent.cpp">
      <Filter>Source Files\Simulation</Filter>
    </ClCompile>
    <ClCompile Include="src\kriengraphix\Rendering\Renderer.cpp">
      <Filter>Source Files\Rendering</Filter>
    </ClCompile>
    <ClCompile Include="src\kriengraphix\Simulation\CameraComponent.cpp">
      <Filter>Source Files\Simulation</Filter>
    </ClCompile>
    <ClCompile Include="src\kriengraphix\Core\SceneView.cpp">
      <Filter>Source Files\Core</Filter>
    </ClCompile>
    <ClCompile Include="src\kriengraphix\Core\RenderCollection.cpp">
      <Filter>Source Files\Core</Filter>
    </ClCompile>
    <ClCompile Include="include\kriengraphix\Core\RenderThread.cpp">
      <Filter>Source Files\Core</Filter>
    </ClCompile>
    <ClCompile Include="src\kriengraphix\Core\RenderThreadFence.cpp">
      <Filter>Source Files\Core</Filter>
    </ClCompile>
    <ClCompile Include="src\kriengraphix\Core\SceneThreadFence.cpp">
      <Filter>Source Files\Core</Filter>
    </ClCompile>
  </ItemGroup>
  <ItemGroup>
    <FxCompile Include="shaders\DeferredCompositionVS.hlsl">
      <Filter>Source Files\Rendering\Shaders</Filter>
    </FxCompile>
    <FxCompile Include="shaders\DeferredCompositionPS.hlsl">
      <Filter>Source Files\Rendering\Shaders</Filter>
    </FxCompile>
    <FxCompile Include="shaders\DeferredGBufferPS.hlsl">
      <Filter>Source Files\Rendering\Shaders</Filter>
    </FxCompile>
    <FxCompile Include="shaders\DeferredGBufferVS.hlsl">
      <Filter>Source Files\Rendering\Shaders</Filter>
    </FxCompile>
  </ItemGroup>
</Project>